// !$*UTF8*$!
{
	archiveVersion = 1;
	classes = {
	};
	objectVersion = 55;
	objects = {

/* Begin PBXBuildFile section */
		14E0425228EC8212004B9167 /* AppDelegate.swift in Sources */ = {isa = PBXBuildFile; fileRef = 14E0425128EC8212004B9167 /* AppDelegate.swift */; };
		14E0425428EC8212004B9167 /* SceneDelegate.swift in Sources */ = {isa = PBXBuildFile; fileRef = 14E0425328EC8212004B9167 /* SceneDelegate.swift */; };
		14E0425628EC8212004B9167 /* ViewController.swift in Sources */ = {isa = PBXBuildFile; fileRef = 14E0425528EC8212004B9167 /* ViewController.swift */; };
		14E0425928EC8212004B9167 /* Main.storyboard in Resources */ = {isa = PBXBuildFile; fileRef = 14E0425728EC8212004B9167 /* Main.storyboard */; };
		14E0425B28EC8217004B9167 /* Assets.xcassets in Resources */ = {isa = PBXBuildFile; fileRef = 14E0425A28EC8217004B9167 /* Assets.xcassets */; };
		14E0425E28EC8217004B9167 /* LaunchScreen.storyboard in Resources */ = {isa = PBXBuildFile; fileRef = 14E0425C28EC8217004B9167 /* LaunchScreen.storyboard */; };
		14E0426628EC8D4D004B9167 /* GoogleService-Info.plist in Resources */ = {isa = PBXBuildFile; fileRef = 14E0426528EC8D4D004B9167 /* GoogleService-Info.plist */; };
		14E0426928EC9012004B9167 /* FirebaseAnalytics in Frameworks */ = {isa = PBXBuildFile; productRef = 14E0426828EC9012004B9167 /* FirebaseAnalytics */; };
		14E0426B28EC9012004B9167 /* FirebaseAnalyticsOnDeviceConversion in Frameworks */ = {isa = PBXBuildFile; productRef = 14E0426A28EC9012004B9167 /* FirebaseAnalyticsOnDeviceConversion */; };
		14E0426D28EC9012004B9167 /* FirebaseAnalyticsSwift in Frameworks */ = {isa = PBXBuildFile; productRef = 14E0426C28EC9012004B9167 /* FirebaseAnalyticsSwift */; };
		14E0426F28EC9012004B9167 /* FirebaseAnalyticsWithoutAdIdSupport in Frameworks */ = {isa = PBXBuildFile; productRef = 14E0426E28EC9012004B9167 /* FirebaseAnalyticsWithoutAdIdSupport */; };
		14E0427128EC9012004B9167 /* FirebaseAppCheck in Frameworks */ = {isa = PBXBuildFile; productRef = 14E0427028EC9012004B9167 /* FirebaseAppCheck */; };
		14E0427328EC9012004B9167 /* FirebaseAppDistribution-Beta in Frameworks */ = {isa = PBXBuildFile; productRef = 14E0427228EC9012004B9167 /* FirebaseAppDistribution-Beta */; };
		14E0427528EC9012004B9167 /* FirebaseAuth in Frameworks */ = {isa = PBXBuildFile; productRef = 14E0427428EC9012004B9167 /* FirebaseAuth */; };
		14E0427728EC9012004B9167 /* FirebaseAuthCombine-Community in Frameworks */ = {isa = PBXBuildFile; productRef = 14E0427628EC9012004B9167 /* FirebaseAuthCombine-Community */; };
		14E0427928EC9012004B9167 /* FirebaseCrashlytics in Frameworks */ = {isa = PBXBuildFile; productRef = 14E0427828EC9012004B9167 /* FirebaseCrashlytics */; };
		14E0427B28EC9012004B9167 /* FirebaseDatabase in Frameworks */ = {isa = PBXBuildFile; productRef = 14E0427A28EC9012004B9167 /* FirebaseDatabase */; };
		14E0427D28EC9012004B9167 /* FirebaseDatabaseSwift in Frameworks */ = {isa = PBXBuildFile; productRef = 14E0427C28EC9012004B9167 /* FirebaseDatabaseSwift */; };
		14E0427F28EC9012004B9167 /* FirebaseDynamicLinks in Frameworks */ = {isa = PBXBuildFile; productRef = 14E0427E28EC9012004B9167 /* FirebaseDynamicLinks */; };
		14E0428128EC9012004B9167 /* FirebaseFirestore in Frameworks */ = {isa = PBXBuildFile; productRef = 14E0428028EC9012004B9167 /* FirebaseFirestore */; };
		14E0428328EC9012004B9167 /* FirebaseFirestoreCombine-Community in Frameworks */ = {isa = PBXBuildFile; productRef = 14E0428228EC9012004B9167 /* FirebaseFirestoreCombine-Community */; };
		14E0428528EC9012004B9167 /* FirebaseFirestoreSwift in Frameworks */ = {isa = PBXBuildFile; productRef = 14E0428428EC9012004B9167 /* FirebaseFirestoreSwift */; };
		14E0428728EC9012004B9167 /* FirebaseFunctions in Frameworks */ = {isa = PBXBuildFile; productRef = 14E0428628EC9012004B9167 /* FirebaseFunctions */; };
		14E0428928EC9012004B9167 /* FirebaseFunctionsCombine-Community in Frameworks */ = {isa = PBXBuildFile; productRef = 14E0428828EC9012004B9167 /* FirebaseFunctionsCombine-Community */; };
		14E0428B28EC9012004B9167 /* FirebaseInAppMessaging-Beta in Frameworks */ = {isa = PBXBuildFile; productRef = 14E0428A28EC9012004B9167 /* FirebaseInAppMessaging-Beta */; };
		14E0428D28EC9012004B9167 /* FirebaseInAppMessagingSwift-Beta in Frameworks */ = {isa = PBXBuildFile; productRef = 14E0428C28EC9012004B9167 /* FirebaseInAppMessagingSwift-Beta */; };
		14E0428F28EC9012004B9167 /* FirebaseInstallations in Frameworks */ = {isa = PBXBuildFile; productRef = 14E0428E28EC9012004B9167 /* FirebaseInstallations */; };
		14E0429128EC9012004B9167 /* FirebaseMLModelDownloader in Frameworks */ = {isa = PBXBuildFile; productRef = 14E0429028EC9012004B9167 /* FirebaseMLModelDownloader */; };
		14E0429328EC9012004B9167 /* FirebaseMessaging in Frameworks */ = {isa = PBXBuildFile; productRef = 14E0429228EC9012004B9167 /* FirebaseMessaging */; };
		14E0429528EC9012004B9167 /* FirebasePerformance in Frameworks */ = {isa = PBXBuildFile; productRef = 14E0429428EC9012004B9167 /* FirebasePerformance */; };
		14E0429728EC9012004B9167 /* FirebaseRemoteConfig in Frameworks */ = {isa = PBXBuildFile; productRef = 14E0429628EC9012004B9167 /* FirebaseRemoteConfig */; };
		14E0429928EC9012004B9167 /* FirebaseRemoteConfigSwift in Frameworks */ = {isa = PBXBuildFile; productRef = 14E0429828EC9012004B9167 /* FirebaseRemoteConfigSwift */; };
		14E0429B28EC9012004B9167 /* FirebaseStorage in Frameworks */ = {isa = PBXBuildFile; productRef = 14E0429A28EC9012004B9167 /* FirebaseStorage */; };
		14E0429D28EC9012004B9167 /* FirebaseStorageCombine-Community in Frameworks */ = {isa = PBXBuildFile; productRef = 14E0429C28EC9012004B9167 /* FirebaseStorageCombine-Community */; };
/* End PBXBuildFile section */

/* Begin PBXFileReference section */
		14E0424E28EC8212004B9167 /* iOSFirebaseTutorial.app */ = {isa = PBXFileReference; explicitFileType = wrapper.application; includeInIndex = 0; path = iOSFirebaseTutorial.app; sourceTree = BUILT_PRODUCTS_DIR; };
		14E0425128EC8212004B9167 /* AppDelegate.swift */ = {isa = PBXFileReference; lastKnownFileType = sourcecode.swift; path = AppDelegate.swift; sourceTree = "<group>"; };
		14E0425328EC8212004B9167 /* SceneDelegate.swift */ = {isa = PBXFileReference; lastKnownFileType = sourcecode.swift; path = SceneDelegate.swift; sourceTree = "<group>"; };
		14E0425528EC8212004B9167 /* ViewController.swift */ = {isa = PBXFileReference; lastKnownFileType = sourcecode.swift; path = ViewController.swift; sourceTree = "<group>"; };
		14E0425828EC8212004B9167 /* Base */ = {isa = PBXFileReference; lastKnownFileType = file.storyboard; name = Base; path = Base.lproj/Main.storyboard; sourceTree = "<group>"; };
		14E0425A28EC8217004B9167 /* Assets.xcassets */ = {isa = PBXFileReference; lastKnownFileType = folder.assetcatalog; path = Assets.xcassets; sourceTree = "<group>"; };
		14E0425D28EC8217004B9167 /* Base */ = {isa = PBXFileReference; lastKnownFileType = file.storyboard; name = Base; path = Base.lproj/LaunchScreen.storyboard; sourceTree = "<group>"; };
		14E0425F28EC8217004B9167 /* Info.plist */ = {isa = PBXFileReference; lastKnownFileType = text.plist.xml; path = Info.plist; sourceTree = "<group>"; };
		14E0426528EC8D4D004B9167 /* GoogleService-Info.plist */ = {isa = PBXFileReference; fileEncoding = 4; lastKnownFileType = text.plist.xml; path = "GoogleService-Info.plist"; sourceTree = "<group>"; };
/* End PBXFileReference section */

/* Begin PBXFrameworksBuildPhase section */
		14E0424B28EC8212004B9167 /* Frameworks */ = {
			isa = PBXFrameworksBuildPhase;
			buildActionMask = 2147483647;
			files = (
				14E0427B28EC9012004B9167 /* FirebaseDatabase in Frameworks */,
				14E0428928EC9012004B9167 /* FirebaseFunctionsCombine-Community in Frameworks */,
				14E0428128EC9012004B9167 /* FirebaseFirestore in Frameworks */,
				14E0426D28EC9012004B9167 /* FirebaseAnalyticsSwift in Frameworks */,
				14E0426928EC9012004B9167 /* FirebaseAnalytics in Frameworks */,
				14E0426B28EC9012004B9167 /* FirebaseAnalyticsOnDeviceConversion in Frameworks */,
				14E0429128EC9012004B9167 /* FirebaseMLModelDownloader in Frameworks */,
				14E0428528EC9012004B9167 /* FirebaseFirestoreSwift in Frameworks */,
				14E0427128EC9012004B9167 /* FirebaseAppCheck in Frameworks */,
				14E0426F28EC9012004B9167 /* FirebaseAnalyticsWithoutAdIdSupport in Frameworks */,
				14E0427528EC9012004B9167 /* FirebaseAuth in Frameworks */,
				14E0427928EC9012004B9167 /* FirebaseCrashlytics in Frameworks */,
				14E0429928EC9012004B9167 /* FirebaseRemoteConfigSwift in Frameworks */,
				14E0428B28EC9012004B9167 /* FirebaseInAppMessaging-Beta in Frameworks */,
				14E0427D28EC9012004B9167 /* FirebaseDatabaseSwift in Frameworks */,
				14E0428728EC9012004B9167 /* FirebaseFunctions in Frameworks */,
				14E0429D28EC9012004B9167 /* FirebaseStorageCombine-Community in Frameworks */,
				14E0429728EC9012004B9167 /* FirebaseRemoteConfig in Frameworks */,
				14E0427328EC9012004B9167 /* FirebaseAppDistribution-Beta in Frameworks */,
				14E0427728EC9012004B9167 /* FirebaseAuthCombine-Community in Frameworks */,
				14E0429528EC9012004B9167 /* FirebasePerformance in Frameworks */,
				14E0428D28EC9012004B9167 /* FirebaseInAppMessagingSwift-Beta in Frameworks */,
				14E0429B28EC9012004B9167 /* FirebaseStorage in Frameworks */,
				14E0427F28EC9012004B9167 /* FirebaseDynamicLinks in Frameworks */,
				14E0428328EC9012004B9167 /* FirebaseFirestoreCombine-Community in Frameworks */,
				14E0429328EC9012004B9167 /* FirebaseMessaging in Frameworks */,
				14E0428F28EC9012004B9167 /* FirebaseInstallations in Frameworks */,
			);
			runOnlyForDeploymentPostprocessing = 0;
		};
/* End PBXFrameworksBuildPhase section */

/* Begin PBXGroup section */
		14E0424528EC8212004B9167 = {
			isa = PBXGroup;
			children = (
				14E0425028EC8212004B9167 /* iOSFirebaseTutorial */,
				14E0424F28EC8212004B9167 /* Products */,
			);
			sourceTree = "<group>";
		};
		14E0424F28EC8212004B9167 /* Products */ = {
			isa = PBXGroup;
			children = (
				14E0424E28EC8212004B9167 /* iOSFirebaseTutorial.app */,
			);
			name = Products;
			sourceTree = "<group>";
		};
		14E0425028EC8212004B9167 /* iOSFirebaseTutorial */ = {
			isa = PBXGroup;
			children = (
				14E0425128EC8212004B9167 /* AppDelegate.swift */,
				14E0425328EC8212004B9167 /* SceneDelegate.swift */,
				14E0425528EC8212004B9167 /* ViewController.swift */,
				14E0425728EC8212004B9167 /* Main.storyboard */,
				14E0425A28EC8217004B9167 /* Assets.xcassets */,
				14E0425C28EC8217004B9167 /* LaunchScreen.storyboard */,
				14E0426528EC8D4D004B9167 /* GoogleService-Info.plist */,
				14E0425F28EC8217004B9167 /* Info.plist */,
			);
			path = iOSFirebaseTutorial;
			sourceTree = "<group>";
		};
/* End PBXGroup section */

/* Begin PBXNativeTarget section */
		14E0424D28EC8212004B9167 /* iOSFirebaseTutorial */ = {
			isa = PBXNativeTarget;
			buildConfigurationList = 14E0426228EC8217004B9167 /* Build configuration list for PBXNativeTarget "iOSFirebaseTutorial" */;
			buildPhases = (
				14E0424A28EC8212004B9167 /* Sources */,
				14E0424B28EC8212004B9167 /* Frameworks */,
				14E0424C28EC8212004B9167 /* Resources */,
			);
			buildRules = (
			);
			dependencies = (
			);
			name = iOSFirebaseTutorial;
			packageProductDependencies = (
				14E0426828EC9012004B9167 /* FirebaseAnalytics */,
				14E0426A28EC9012004B9167 /* FirebaseAnalyticsOnDeviceConversion */,
				14E0426C28EC9012004B9167 /* FirebaseAnalyticsSwift */,
				14E0426E28EC9012004B9167 /* FirebaseAnalyticsWithoutAdIdSupport */,
				14E0427028EC9012004B9167 /* FirebaseAppCheck */,
				14E0427228EC9012004B9167 /* FirebaseAppDistribution-Beta */,
				14E0427428EC9012004B9167 /* FirebaseAuth */,
				14E0427628EC9012004B9167 /* FirebaseAuthCombine-Community */,
				14E0427828EC9012004B9167 /* FirebaseCrashlytics */,
				14E0427A28EC9012004B9167 /* FirebaseDatabase */,
				14E0427C28EC9012004B9167 /* FirebaseDatabaseSwift */,
				14E0427E28EC9012004B9167 /* FirebaseDynamicLinks */,
				14E0428028EC9012004B9167 /* FirebaseFirestore */,
				14E0428228EC9012004B9167 /* FirebaseFirestoreCombine-Community */,
				14E0428428EC9012004B9167 /* FirebaseFirestoreSwift */,
				14E0428628EC9012004B9167 /* FirebaseFunctions */,
				14E0428828EC9012004B9167 /* FirebaseFunctionsCombine-Community */,
				14E0428A28EC9012004B9167 /* FirebaseInAppMessaging-Beta */,
				14E0428C28EC9012004B9167 /* FirebaseInAppMessagingSwift-Beta */,
				14E0428E28EC9012004B9167 /* FirebaseInstallations */,
				14E0429028EC9012004B9167 /* FirebaseMLModelDownloader */,
				14E0429228EC9012004B9167 /* FirebaseMessaging */,
				14E0429428EC9012004B9167 /* FirebasePerformance */,
				14E0429628EC9012004B9167 /* FirebaseRemoteConfig */,
				14E0429828EC9012004B9167 /* FirebaseRemoteConfigSwift */,
				14E0429A28EC9012004B9167 /* FirebaseStorage */,
				14E0429C28EC9012004B9167 /* FirebaseStorageCombine-Community */,
			);
			productName = iOSFirebaseTutorial;
			productReference = 14E0424E28EC8212004B9167 /* iOSFirebaseTutorial.app */;
			productType = "com.apple.product-type.application";
		};
/* End PBXNativeTarget section */

/* Begin PBXProject section */
		14E0424628EC8212004B9167 /* Project object */ = {
			isa = PBXProject;
			attributes = {
				BuildIndependentTargetsInParallel = 1;
				LastSwiftUpdateCheck = 1340;
				LastUpgradeCheck = 1340;
				TargetAttributes = {
					14E0424D28EC8212004B9167 = {
						CreatedOnToolsVersion = 13.4.1;
					};
				};
			};
			buildConfigurationList = 14E0424928EC8212004B9167 /* Build configuration list for PBXProject "iOSFirebaseTutorial" */;
			compatibilityVersion = "Xcode 13.0";
			developmentRegion = en;
			hasScannedForEncodings = 0;
			knownRegions = (
				en,
				Base,
			);
			mainGroup = 14E0424528EC8212004B9167;
			packageReferences = (
				14E0426728EC9012004B9167 /* XCRemoteSwiftPackageReference "firebase-ios-sdk" */,
			);
			productRefGroup = 14E0424F28EC8212004B9167 /* Products */;
			projectDirPath = "";
			projectRoot = "";
			targets = (
				14E0424D28EC8212004B9167 /* iOSFirebaseTutorial */,
			);
		};
/* End PBXProject section */

/* Begin PBXResourcesBuildPhase section */
		14E0424C28EC8212004B9167 /* Resources */ = {
			isa = PBXResourcesBuildPhase;
			buildActionMask = 2147483647;
			files = (
				14E0425E28EC8217004B9167 /* LaunchScreen.storyboard in Resources */,
				14E0426628EC8D4D004B9167 /* GoogleService-Info.plist in Resources */,
				14E0425B28EC8217004B9167 /* Assets.xcassets in Resources */,
				14E0425928EC8212004B9167 /* Main.storyboard in Resources */,
			);
			runOnlyForDeploymentPostprocessing = 0;
		};
/* End PBXResourcesBuildPhase section */

/* Begin PBXSourcesBuildPhase section */
		14E0424A28EC8212004B9167 /* Sources */ = {
			isa = PBXSourcesBuildPhase;
			buildActionMask = 2147483647;
			files = (
				14E0425628EC8212004B9167 /* ViewController.swift in Sources */,
				14E0425228EC8212004B9167 /* AppDelegate.swift in Sources */,
				14E0425428EC8212004B9167 /* SceneDelegate.swift in Sources */,
			);
			runOnlyForDeploymentPostprocessing = 0;
		};
/* End PBXSourcesBuildPhase section */

/* Begin PBXVariantGroup section */
		14E0425728EC8212004B9167 /* Main.storyboard */ = {
			isa = PBXVariantGroup;
			children = (
				14E0425828EC8212004B9167 /* Base */,
			);
			name = Main.storyboard;
			sourceTree = "<group>";
		};
		14E0425C28EC8217004B9167 /* LaunchScreen.storyboard */ = {
			isa = PBXVariantGroup;
			children = (
				14E0425D28EC8217004B9167 /* Base */,
			);
			name = LaunchScreen.storyboard;
			sourceTree = "<group>";
		};
/* End PBXVariantGroup section */

/* Begin XCBuildConfiguration section */
		14E0426028EC8217004B9167 /* Debug */ = {
			isa = XCBuildConfiguration;
			buildSettings = {
				ALWAYS_SEARCH_USER_PATHS = NO;
				CLANG_ANALYZER_NONNULL = YES;
				CLANG_ANALYZER_NUMBER_OBJECT_CONVERSION = YES_AGGRESSIVE;
				CLANG_CXX_LANGUAGE_STANDARD = "gnu++17";
				CLANG_ENABLE_MODULES = YES;
				CLANG_ENABLE_OBJC_ARC = YES;
				CLANG_ENABLE_OBJC_WEAK = YES;
				CLANG_WARN_BLOCK_CAPTURE_AUTORELEASING = YES;
				CLANG_WARN_BOOL_CONVERSION = YES;
				CLANG_WARN_COMMA = YES;
				CLANG_WARN_CONSTANT_CONVERSION = YES;
				CLANG_WARN_DEPRECATED_OBJC_IMPLEMENTATIONS = YES;
				CLANG_WARN_DIRECT_OBJC_ISA_USAGE = YES_ERROR;
				CLANG_WARN_DOCUMENTATION_COMMENTS = YES;
				CLANG_WARN_EMPTY_BODY = YES;
				CLANG_WARN_ENUM_CONVERSION = YES;
				CLANG_WARN_INFINITE_RECURSION = YES;
				CLANG_WARN_INT_CONVERSION = YES;
				CLANG_WARN_NON_LITERAL_NULL_CONVERSION = YES;
				CLANG_WARN_OBJC_IMPLICIT_RETAIN_SELF = YES;
				CLANG_WARN_OBJC_LITERAL_CONVERSION = YES;
				CLANG_WARN_OBJC_ROOT_CLASS = YES_ERROR;
				CLANG_WARN_QUOTED_INCLUDE_IN_FRAMEWORK_HEADER = YES;
				CLANG_WARN_RANGE_LOOP_ANALYSIS = YES;
				CLANG_WARN_STRICT_PROTOTYPES = YES;
				CLANG_WARN_SUSPICIOUS_MOVE = YES;
				CLANG_WARN_UNGUARDED_AVAILABILITY = YES_AGGRESSIVE;
				CLANG_WARN_UNREACHABLE_CODE = YES;
				CLANG_WARN__DUPLICATE_METHOD_MATCH = YES;
				COPY_PHASE_STRIP = NO;
				DEBUG_INFORMATION_FORMAT = dwarf;
				ENABLE_STRICT_OBJC_MSGSEND = YES;
				ENABLE_TESTABILITY = YES;
				GCC_C_LANGUAGE_STANDARD = gnu11;
				GCC_DYNAMIC_NO_PIC = NO;
				GCC_NO_COMMON_BLOCKS = YES;
				GCC_OPTIMIZATION_LEVEL = 0;
				GCC_PREPROCESSOR_DEFINITIONS = (
					"DEBUG=1",
					"$(inherited)",
				);
				GCC_WARN_64_TO_32_BIT_CONVERSION = YES;
				GCC_WARN_ABOUT_RETURN_TYPE = YES_ERROR;
				GCC_WARN_UNDECLARED_SELECTOR = YES;
				GCC_WARN_UNINITIALIZED_AUTOS = YES_AGGRESSIVE;
				GCC_WARN_UNUSED_FUNCTION = YES;
				GCC_WARN_UNUSED_VARIABLE = YES;
				IPHONEOS_DEPLOYMENT_TARGET = 15.5;
				MTL_ENABLE_DEBUG_INFO = INCLUDE_SOURCE;
				MTL_FAST_MATH = YES;
				ONLY_ACTIVE_ARCH = YES;
				SDKROOT = iphoneos;
				SWIFT_ACTIVE_COMPILATION_CONDITIONS = DEBUG;
				SWIFT_OPTIMIZATION_LEVEL = "-Onone";
			};
			name = Debug;
		};
		14E0426128EC8217004B9167 /* Release */ = {
			isa = XCBuildConfiguration;
			buildSettings = {
				ALWAYS_SEARCH_USER_PATHS = NO;
				CLANG_ANALYZER_NONNULL = YES;
				CLANG_ANALYZER_NUMBER_OBJECT_CONVERSION = YES_AGGRESSIVE;
				CLANG_CXX_LANGUAGE_STANDARD = "gnu++17";
				CLANG_ENABLE_MODULES = YES;
				CLANG_ENABLE_OBJC_ARC = YES;
				CLANG_ENABLE_OBJC_WEAK = YES;
				CLANG_WARN_BLOCK_CAPTURE_AUTORELEASING = YES;
				CLANG_WARN_BOOL_CONVERSION = YES;
				CLANG_WARN_COMMA = YES;
				CLANG_WARN_CONSTANT_CONVERSION = YES;
				CLANG_WARN_DEPRECATED_OBJC_IMPLEMENTATIONS = YES;
				CLANG_WARN_DIRECT_OBJC_ISA_USAGE = YES_ERROR;
				CLANG_WARN_DOCUMENTATION_COMMENTS = YES;
				CLANG_WARN_EMPTY_BODY = YES;
				CLANG_WARN_ENUM_CONVERSION = YES;
				CLANG_WARN_INFINITE_RECURSION = YES;
				CLANG_WARN_INT_CONVERSION = YES;
				CLANG_WARN_NON_LITERAL_NULL_CONVERSION = YES;
				CLANG_WARN_OBJC_IMPLICIT_RETAIN_SELF = YES;
				CLANG_WARN_OBJC_LITERAL_CONVERSION = YES;
				CLANG_WARN_OBJC_ROOT_CLASS = YES_ERROR;
				CLANG_WARN_QUOTED_INCLUDE_IN_FRAMEWORK_HEADER = YES;
				CLANG_WARN_RANGE_LOOP_ANALYSIS = YES;
				CLANG_WARN_STRICT_PROTOTYPES = YES;
				CLANG_WARN_SUSPICIOUS_MOVE = YES;
				CLANG_WARN_UNGUARDED_AVAILABILITY = YES_AGGRESSIVE;
				CLANG_WARN_UNREACHABLE_CODE = YES;
				CLANG_WARN__DUPLICATE_METHOD_MATCH = YES;
				COPY_PHASE_STRIP = NO;
				DEBUG_INFORMATION_FORMAT = "dwarf-with-dsym";
				ENABLE_NS_ASSERTIONS = NO;
				ENABLE_STRICT_OBJC_MSGSEND = YES;
				GCC_C_LANGUAGE_STANDARD = gnu11;
				GCC_NO_COMMON_BLOCKS = YES;
				GCC_WARN_64_TO_32_BIT_CONVERSION = YES;
				GCC_WARN_ABOUT_RETURN_TYPE = YES_ERROR;
				GCC_WARN_UNDECLARED_SELECTOR = YES;
				GCC_WARN_UNINITIALIZED_AUTOS = YES_AGGRESSIVE;
				GCC_WARN_UNUSED_FUNCTION = YES;
				GCC_WARN_UNUSED_VARIABLE = YES;
				IPHONEOS_DEPLOYMENT_TARGET = 15.5;
				MTL_ENABLE_DEBUG_INFO = NO;
				MTL_FAST_MATH = YES;
				SDKROOT = iphoneos;
				SWIFT_COMPILATION_MODE = wholemodule;
				SWIFT_OPTIMIZATION_LEVEL = "-O";
				VALIDATE_PRODUCT = YES;
			};
			name = Release;
		};
		14E0426328EC8217004B9167 /* Debug */ = {
			isa = XCBuildConfiguration;
			buildSettings = {
				ASSETCATALOG_COMPILER_APPICON_NAME = AppIcon;
				ASSETCATALOG_COMPILER_GLOBAL_ACCENT_COLOR_NAME = AccentColor;
				CODE_SIGN_STYLE = Automatic;
				CURRENT_PROJECT_VERSION = 1;
				DEVELOPMENT_TEAM = 877RJH95W7;
				GENERATE_INFOPLIST_FILE = YES;
				INFOPLIST_FILE = iOSFirebaseTutorial/Info.plist;
				INFOPLIST_KEY_CFBundleDisplayName = Firebase;
				INFOPLIST_KEY_UIApplicationSupportsIndirectInputEvents = YES;
				INFOPLIST_KEY_UILaunchStoryboardName = LaunchScreen;
				INFOPLIST_KEY_UIMainStoryboardFile = Main;
				INFOPLIST_KEY_UISupportedInterfaceOrientations_iPad = "UIInterfaceOrientationPortrait UIInterfaceOrientationPortraitUpsideDown UIInterfaceOrientationLandscapeLeft UIInterfaceOrientationLandscapeRight";
				INFOPLIST_KEY_UISupportedInterfaceOrientations_iPhone = "UIInterfaceOrientationPortrait UIInterfaceOrientationLandscapeLeft UIInterfaceOrientationLandscapeRight";
				LD_RUNPATH_SEARCH_PATHS = (
					"$(inherited)",
					"@executable_path/Frameworks",
				);
				MARKETING_VERSION = 1.0;
				PRODUCT_BUNDLE_IDENTIFIER = com.miguelruizhdz.iOSFirebaseTutorial;
				PRODUCT_NAME = "$(TARGET_NAME)";
				SWIFT_EMIT_LOC_STRINGS = YES;
				SWIFT_VERSION = 5.0;
				TARGETED_DEVICE_FAMILY = "1,2";
			};
			name = Debug;
		};
		14E0426428EC8217004B9167 /* Release */ = {
			isa = XCBuildConfiguration;
			buildSettings = {
				ASSETCATALOG_COMPILER_APPICON_NAME = AppIcon;
				ASSETCATALOG_COMPILER_GLOBAL_ACCENT_COLOR_NAME = AccentColor;
				CODE_SIGN_STYLE = Automatic;
				CURRENT_PROJECT_VERSION = 1;
				DEVELOPMENT_TEAM = 877RJH95W7;
				GENERATE_INFOPLIST_FILE = YES;
				INFOPLIST_FILE = iOSFirebaseTutorial/Info.plist;
				INFOPLIST_KEY_CFBundleDisplayName = Firebase;
				INFOPLIST_KEY_UIApplicationSupportsIndirectInputEvents = YES;
				INFOPLIST_KEY_UILaunchStoryboardName = LaunchScreen;
				INFOPLIST_KEY_UIMainStoryboardFile = Main;
				INFOPLIST_KEY_UISupportedInterfaceOrientations_iPad = "UIInterfaceOrientationPortrait UIInterfaceOrientationPortraitUpsideDown UIInterfaceOrientationLandscapeLeft UIInterfaceOrientationLandscapeRight";
				INFOPLIST_KEY_UISupportedInterfaceOrientations_iPhone = "UIInterfaceOrientationPortrait UIInterfaceOrientationLandscapeLeft UIInterfaceOrientationLandscapeRight";
				LD_RUNPATH_SEARCH_PATHS = (
					"$(inherited)",
					"@executable_path/Frameworks",
				);
				MARKETING_VERSION = 1.0;
				PRODUCT_BUNDLE_IDENTIFIER = com.miguelruizhdz.iOSFirebaseTutorial;
				PRODUCT_NAME = "$(TARGET_NAME)";
				SWIFT_EMIT_LOC_STRINGS = YES;
				SWIFT_VERSION = 5.0;
				TARGETED_DEVICE_FAMILY = "1,2";
			};
			name = Release;
		};
/* End XCBuildConfiguration section */

/* Begin XCConfigurationList section */
		14E0424928EC8212004B9167 /* Build configuration list for PBXProject "iOSFirebaseTutorial" */ = {
			isa = XCConfigurationList;
			buildConfigurations = (
				14E0426028EC8217004B9167 /* Debug */,
				14E0426128EC8217004B9167 /* Release */,
			);
			defaultConfigurationIsVisible = 0;
			defaultConfigurationName = Release;
		};
		14E0426228EC8217004B9167 /* Build configuration list for PBXNativeTarget "iOSFirebaseTutorial" */ = {
			isa = XCConfigurationList;
			buildConfigurations = (
				14E0426328EC8217004B9167 /* Debug */,
				14E0426428EC8217004B9167 /* Release */,
			);
			defaultConfigurationIsVisible = 0;
			defaultConfigurationName = Release;
		};
/* End XCConfigurationList section */

/* Begin XCRemoteSwiftPackageReference section */
		14E0426728EC9012004B9167 /* XCRemoteSwiftPackageReference "firebase-ios-sdk" */ = {
			isa = XCRemoteSwiftPackageReference;
			repositoryURL = "https://github.com/firebase/firebase-ios-sdk";
			requirement = {
				kind = upToNextMajorVersion;
				minimumVersion = 9.0.0;
			};
		};
/* End XCRemoteSwiftPackageReference section */

/* Begin XCSwiftPackageProductDependency section */
		14E0426828EC9012004B9167 /* FirebaseAnalytics */ = {
			isa = XCSwiftPackageProductDependency;
			package = 14E0426728EC9012004B9167 /* XCRemoteSwiftPackageReference "firebase-ios-sdk" */;
			productName = FirebaseAnalytics;
		};
		14E0426A28EC9012004B9167 /* FirebaseAnalyticsOnDeviceConversion */ = {
			isa = XCSwiftPackageProductDependency;
			package = 14E0426728EC9012004B9167 /* XCRemoteSwiftPackageReference "firebase-ios-sdk" */;
			productName = FirebaseAnalyticsOnDeviceConversion;
		};
		14E0426C28EC9012004B9167 /* FirebaseAnalyticsSwift */ = {
			isa = XCSwiftPackageProductDependency;
			package = 14E0426728EC9012004B9167 /* XCRemoteSwiftPackageReference "firebase-ios-sdk" */;
			productName = FirebaseAnalyticsSwift;
		};
		14E0426E28EC9012004B9167 /* FirebaseAnalyticsWithoutAdIdSupport */ = {
			isa = XCSwiftPackageProductDependency;
			package = 14E0426728EC9012004B9167 /* XCRemoteSwiftPackageReference "firebase-ios-sdk" */;
			productName = FirebaseAnalyticsWithoutAdIdSupport;
		};
		14E0427028EC9012004B9167 /* FirebaseAppCheck */ = {
			isa = XCSwiftPackageProductDependency;
			package = 14E0426728EC9012004B9167 /* XCRemoteSwiftPackageReference "firebase-ios-sdk" */;
			productName = FirebaseAppCheck;
		};
		14E0427228EC9012004B9167 /* FirebaseAppDistribution-Beta */ = {
			isa = XCSwiftPackageProductDependency;
			package = 14E0426728EC9012004B9167 /* XCRemoteSwiftPackageReference "firebase-ios-sdk" */;
			productName = "FirebaseAppDistribution-Beta";
		};
		14E0427428EC9012004B9167 /* FirebaseAuth */ = {
			isa = XCSwiftPackageProductDependency;
			package = 14E0426728EC9012004B9167 /* XCRemoteSwiftPackageReference "firebase-ios-sdk" */;
			productName = FirebaseAuth;
		};
		14E0427628EC9012004B9167 /* FirebaseAuthCombine-Community */ = {
			isa = XCSwiftPackageProductDependency;
			package = 14E0426728EC9012004B9167 /* XCRemoteSwiftPackageReference "firebase-ios-sdk" */;
			productName = "FirebaseAuthCombine-Community";
		};
		14E0427828EC9012004B9167 /* FirebaseCrashlytics */ = {
			isa = XCSwiftPackageProductDependency;
			package = 14E0426728EC9012004B9167 /* XCRemoteSwiftPackageReference "firebase-ios-sdk" */;
			productName = FirebaseCrashlytics;
		};
		14E0427A28EC9012004B9167 /* FirebaseDatabase */ = {
			isa = XCSwiftPackageProductDependency;
			package = 14E0426728EC9012004B9167 /* XCRemoteSwiftPackageReference "firebase-ios-sdk" */;
			productName = FirebaseDatabase;
		};
		14E0427C28EC9012004B9167 /* FirebaseDatabaseSwift */ = {
			isa = XCSwiftPackageProductDependency;
			package = 14E0426728EC9012004B9167 /* XCRemoteSwiftPackageReference "firebase-ios-sdk" */;
			productName = FirebaseDatabaseSwift;
		};
		14E0427E28EC9012004B9167 /* FirebaseDynamicLinks */ = {
			isa = XCSwiftPackageProductDependency;
			package = 14E0426728EC9012004B9167 /* XCRemoteSwiftPackageReference "firebase-ios-sdk" */;
			productName = FirebaseDynamicLinks;
		};
		14E0428028EC9012004B9167 /* FirebaseFirestore */ = {
			isa = XCSwiftPackageProductDependency;
			package = 14E0426728EC9012004B9167 /* XCRemoteSwiftPackageReference "firebase-ios-sdk" */;
			productName = FirebaseFirestore;
		};
		14E0428228EC9012004B9167 /* FirebaseFirestoreCombine-Community */ = {
			isa = XCSwiftPackageProductDependency;
			package = 14E0426728EC9012004B9167 /* XCRemoteSwiftPackageReference "firebase-ios-sdk" */;
			productName = "FirebaseFirestoreCombine-Community";
		};
		14E0428428EC9012004B9167 /* FirebaseFirestoreSwift */ = {
			isa = XCSwiftPackageProductDependency;
			package = 14E0426728EC9012004B9167 /* XCRemoteSwiftPackageReference "firebase-ios-sdk" */;
			productName = FirebaseFirestoreSwift;
		};
		14E0428628EC9012004B9167 /* FirebaseFunctions */ = {
			isa = XCSwiftPackageProductDependency;
			package = 14E0426728EC9012004B9167 /* XCRemoteSwiftPackageReference "firebase-ios-sdk" */;
			productName = FirebaseFunctions;
		};
		14E0428828EC9012004B9167 /* FirebaseFunctionsCombine-Community */ = {
			isa = XCSwiftPackageProductDependency;
			package = 14E0426728EC9012004B9167 /* XCRemoteSwiftPackageReference "firebase-ios-sdk" */;
			productName = "FirebaseFunctionsCombine-Community";
		};
		14E0428A28EC9012004B9167 /* FirebaseInAppMessaging-Beta */ = {
			isa = XCSwiftPackageProductDependency;
			package = 14E0426728EC9012004B9167 /* XCRemoteSwiftPackageReference "firebase-ios-sdk" */;
			productName = "FirebaseInAppMessaging-Beta";
		};
		14E0428C28EC9012004B9167 /* FirebaseInAppMessagingSwift-Beta */ = {
			isa = XCSwiftPackageProductDependency;
			package = 14E0426728EC9012004B9167 /* XCRemoteSwiftPackageReference "firebase-ios-sdk" */;
			productName = "FirebaseInAppMessagingSwift-Beta";
		};
		14E0428E28EC9012004B9167 /* FirebaseInstallations */ = {
			isa = XCSwiftPackageProductDependency;
			package = 14E0426728EC9012004B9167 /* XCRemoteSwiftPackageReference "firebase-ios-sdk" */;
			productName = FirebaseInstallations;
		};
		14E0429028EC9012004B9167 /* FirebaseMLModelDownloader */ = {
			isa = XCSwiftPackageProductDependency;
			package = 14E0426728EC9012004B9167 /* XCRemoteSwiftPackageReference "firebase-ios-sdk" */;
			productName = FirebaseMLModelDownloader;
		};
		14E0429228EC9012004B9167 /* FirebaseMessaging */ = {
			isa = XCSwiftPackageProductDependency;
			package = 14E0426728EC9012004B9167 /* XCRemoteSwiftPackageReference "firebase-ios-sdk" */;
			productName = FirebaseMessaging;
		};
		14E0429428EC9012004B9167 /* FirebasePerformance */ = {
			isa = XCSwiftPackageProductDependency;
			package = 14E0426728EC9012004B9167 /* XCRemoteSwiftPackageReference "firebase-ios-sdk" */;
			productName = FirebasePerformance;
		};
		14E0429628EC9012004B9167 /* FirebaseRemoteConfig */ = {
			isa = XCSwiftPackageProductDependency;
			package = 14E0426728EC9012004B9167 /* XCRemoteSwiftPackageReference "firebase-ios-sdk" */;
			productName = FirebaseRemoteConfig;
		};
		14E0429828EC9012004B9167 /* FirebaseRemoteConfigSwift */ = {
			isa = XCSwiftPackageProductDependency;
			package = 14E0426728EC9012004B9167 /* XCRemoteSwiftPackageReference "firebase-ios-sdk" */;
			productName = FirebaseRemoteConfigSwift;
		};
		14E0429A28EC9012004B9167 /* FirebaseStorage */ = {
			isa = XCSwiftPackageProductDependency;
			package = 14E0426728EC9012004B9167 /* XCRemoteSwiftPackageReference "firebase-ios-sdk" */;
			productName = FirebaseStorage;
		};
		14E0429C28EC9012004B9167 /* FirebaseStorageCombine-Community */ = {
			isa = XCSwiftPackageProductDependency;
			package = 14E0426728EC9012004B9167 /* XCRemoteSwiftPackageReference "firebase-ios-sdk" */;
			productName = "FirebaseStorageCombine-Community";
		};
/* End XCSwiftPackageProductDependency section */
	};
	rootObject = 14E0424628EC8212004B9167 /* Project object */;
}
